
Microsoft Visual Studio Solution File, Format Version 12.00
# Visual Studio 15
VisualStudioVersion = 15.0.28307.421
MinimumVisualStudioVersion = 10.0.40219.1
Project("{9A19103F-16F7-4668-BE54-9A1E7A4F7556}") = "TestingEnvironment.Orchestrator", "TestingEnvironment.Orchestrator\TestingEnvironment.Orchestrator.csproj", "{E2121B6A-85A5-4627-ADFB-FB930A1F1F42}"
EndProject
Project("{9A19103F-16F7-4668-BE54-9A1E7A4F7556}") = "TestingEnvironment.Common", "TestingEnvironment.Common\TestingEnvironment.Common.csproj", "{FCF57445-4B9E-4191-8BD1-E3664ECD2502}"
EndProject
Project("{9A19103F-16F7-4668-BE54-9A1E7A4F7556}") = "TestingEnvironment.Client", "TestingEnvironment.Client\TestingEnvironment.Client.csproj", "{33F0300C-F13A-4FA9-AA53-953123E0CA4C}"
EndProject
Project("{9A19103F-16F7-4668-BE54-9A1E7A4F7556}") = "TestingEnvironment.Agent", "TestingEnvironment.Agent\TestingEnvironment.Agent.csproj", "{78DD2E5B-D0D6-41DC-B7DC-78CA1B53D1D6}"
EndProject
Project("{2150E333-8FDC-42A3-9474-1A3956D46DE8}") = "Scenarios", "Scenarios", "{AB63C0D1-227C-4DDB-BCDA-41C0707433F1}"
EndProject
Project("{FAE04EC0-301F-11D3-BF4B-00C04F79EFBC}") = "BlogComment", "BlogComment\BlogComment.csproj", "{E481FD6A-BBCD-4047-8308-48534078AAA5}"
EndProject
Global
	GlobalSection(SolutionConfigurationPlatforms) = preSolution
		Debug|Any CPU = Debug|Any CPU
		Release|Any CPU = Release|Any CPU
	EndGlobalSection
	GlobalSection(ProjectConfigurationPlatforms) = postSolution
		{E2121B6A-85A5-4627-ADFB-FB930A1F1F42}.Debug|Any CPU.ActiveCfg = Debug|Any CPU
		{E2121B6A-85A5-4627-ADFB-FB930A1F1F42}.Debug|Any CPU.Build.0 = Debug|Any CPU
		{E2121B6A-85A5-4627-ADFB-FB930A1F1F42}.Release|Any CPU.ActiveCfg = Release|Any CPU
		{E2121B6A-85A5-4627-ADFB-FB930A1F1F42}.Release|Any CPU.Build.0 = Release|Any CPU
		{FCF57445-4B9E-4191-8BD1-E3664ECD2502}.Debug|Any CPU.ActiveCfg = Debug|Any CPU
		{FCF57445-4B9E-4191-8BD1-E3664ECD2502}.Debug|Any CPU.Build.0 = Debug|Any CPU
		{FCF57445-4B9E-4191-8BD1-E3664ECD2502}.Release|Any CPU.ActiveCfg = Release|Any CPU
		{FCF57445-4B9E-4191-8BD1-E3664ECD2502}.Release|Any CPU.Build.0 = Release|Any CPU
		{33F0300C-F13A-4FA9-AA53-953123E0CA4C}.Debug|Any CPU.ActiveCfg = Debug|Any CPU
		{33F0300C-F13A-4FA9-AA53-953123E0CA4C}.Debug|Any CPU.Build.0 = Debug|Any CPU
		{33F0300C-F13A-4FA9-AA53-953123E0CA4C}.Release|Any CPU.ActiveCfg = Release|Any CPU
		{33F0300C-F13A-4FA9-AA53-953123E0CA4C}.Release|Any CPU.Build.0 = Release|Any CPU
		{78DD2E5B-D0D6-41DC-B7DC-78CA1B53D1D6}.Debug|Any CPU.ActiveCfg = Debug|Any CPU
		{78DD2E5B-D0D6-41DC-B7DC-78CA1B53D1D6}.Debug|Any CPU.Build.0 = Debug|Any CPU
		{78DD2E5B-D0D6-41DC-B7DC-78CA1B53D1D6}.Release|Any CPU.ActiveCfg = Release|Any CPU
		{78DD2E5B-D0D6-41DC-B7DC-78CA1B53D1D6}.Release|Any CPU.Build.0 = Release|Any CPU
		{E481FD6A-BBCD-4047-8308-48534078AAA5}.Debug|Any CPU.ActiveCfg = Debug|Any CPU
		{E481FD6A-BBCD-4047-8308-48534078AAA5}.Debug|Any CPU.Build.0 = Debug|Any CPU
		{E481FD6A-BBCD-4047-8308-48534078AAA5}.Release|Any CPU.ActiveCfg = Release|Any CPU
		{E481FD6A-BBCD-4047-8308-48534078AAA5}.Release|Any CPU.Build.0 = Release|Any CPU
	EndGlobalSection
	GlobalSection(SolutionProperties) = preSolution
		HideSolutionNode = FALSE
	EndGlobalSection
	GlobalSection(NestedProjects) = preSolution
		{E481FD6A-BBCD-4047-8308-48534078AAA5} = {AB63C0D1-227C-4DDB-BCDA-41C0707433F1}
	EndGlobalSection
	GlobalSection(ExtensibilityGlobals) = postSolution
		SolutionGuid = {D8EB129C-81E9-4C3D-A4A3-DA9092D30CDE}
	EndGlobalSection
EndGlobal
